
Microsoft Visual Studio Solution File, Format Version 12.00
# Visual Studio Version 16
VisualStudioVersion = 16.0.31005.135
MinimumVisualStudioVersion = 10.0.40219.1
Project("{FAE04EC0-301F-11D3-BF4B-00C04F79EFBC}") = "pdfMerger", "pdfMerger\pdfMerger.csproj", "{95EB3899-2254-4CCD-92AA-368D9A22BE0D}"
EndProject
Global
	GlobalSection(SolutionConfigurationPlatforms) = preSolution
		Debug|Any CPU = Debug|Any CPU
		Release|Any CPU = Release|Any CPU
	EndGlobalSection
	GlobalSection(ProjectConfigurationPlatforms) = postSolution
		{95EB3899-2254-4CCD-92AA-368D9A22BE0D}.Debug|Any CPU.ActiveCfg = Debug|Any CPU
		{95EB3899-2254-4CCD-92AA-368D9A22BE0D}.Debug|Any CPU.Build.0 = Debug|Any CPU
		{95EB3899-2254-4CCD-92AA-368D9A22BE0D}.Release|Any CPU.ActiveCfg = Release|Any CPU
		{95EB3899-2254-4CCD-92AA-368D9A22BE0D}.Release|Any CPU.Build.0 = Release|Any CPU
	EndGlobalSection
	GlobalSection(SolutionProperties) = preSolution
		HideSolutionNode = FALSE
	EndGlobalSection
	GlobalSection(ExtensibilityGlobals) = postSolution
		SolutionGuid = {E3875F71-578D-4C4C-AC75-5AE1930B0821}
	EndGlobalSection
EndGlobal
